github.com/arielsrv/go-seq v0.0.1 h1:M6Hwfr2zL8o2GpbG/Q9/OqH1fjwGFj3udfHQhVCeeY8=
github.com/arielsrv/go-seq v0.0.1/go.mod h1:f3DHxgOG85MB8FhZwwcdSWK17ljrPmqIoak2nloCqX4=
github.com/arielsrv/go-seq v0.0.2 h1:e6D2mbqgvx6JutfC/EH8LdVNw/JjUfdSsP1+oSYjRIk=
github.com/arielsrv/go-seq v0.0.2/go.mod h1:Ca6yx6JnBYk41SlRAF3Z6dDpcNZ3IzsCFOyPwwUbM5A=
github.com/arielsrv/go-seq v0.0.3 h1:oLOnPfTurluXPog8/TL+0QX3Hs6LCoFXF1H733iJm9s=
github.com/arielsrv/go-seq v0.0.3/go.mod h1:Ca6yx6JnBYk41SlRAF3Z6dDpcNZ3IzsCFOyPwwUbM5A=
github.com/davecgh/go-spew v1.1.2-0.20180830191138-d8f796af33cc h1:U9qPSI2PIWSS1VwoXQT9A3Wy9MM3WgvqSxFWenqJduM=
github.com/davecgh/go-spew v1.1.2-0.20180830191138-d8f796af33cc/go.mod h1:J7Y8YcW2NihsgmVo/mv3lAwl/skON4iLHjSsI+c5H38=
github.com/pmezard/go-difflib v1.0.1-0.20181226105442-5d4384ee4fb2 h1:Jamvg5psRIccs7FGNTlIRMkT8wgtp5eCXdBlqhYGL6U=
github.com/pmezard/go-difflib v1.0.1-0.20181226105442-5d4384ee4fb2/go.mod h1:iKH77koFhYxTK1pcRnkKkqfTogsbg7gZNVY4sRDYZ/4=
github.com/stretchr/testify v1.10.0 h1:Xv5erBjTwe/5IxqUQTdXv5kgmIvbHo3QQyRwhJsOfJA=
github.com/stretchr/testify v1.10.0/go.mod h1:r2ic/lqez/lEtzL7wO/rwa5dbSLXVDPFyf8C91i36aY=
golang.org/x/exp v0.0.0-20250620022241-b7579e27df2b h1:M2rDM6z3Fhozi9O7NWsxAkg/yqS/lQJ6PmkyIV3YP+o=
golang.org/x/exp v0.0.0-20250620022241-b7579e27df2b/go.mod h1:3//PLf8L/X+8b4vuAfHzxeRUl04Adcb341+IGKfnqS8=
gopkg.in/check.v1 v0.0.0-20161208181325-20d25e280405 h1:yhCVgyC4o1eVCa2tZl7eS0r+SDo693bJlVdllGtEeKM=
gopkg.in/check.v1 v0.0.0-20161208181325-20d25e280405/go.mod h1:Co6ibVJAznAaIkqp8huTwlJQCZ016jof/cbN4VW5Yz0=
gopkg.in/yaml.v3 v3.0.1 h1:fxVm/GzAzEWqLHuvctI91KS9hhNmmWOoWu0XTYJS7CA=
gopkg.in/yaml.v3 v3.0.1/go.mod h1:K4uyk7z7BCEPqu6E+C64Yfv1cQ7kz7rIZviUmN+EgEM=
